<?xml version="1.0" encoding="UTF-8"?>
<Scheme
   version = "1.3">
   <BuildAction>
      <BuildActionEntries>
         <BuildActionEntry
            buildForRunning = "YES">
            <BuildableReference
               BuildableIdentifier = "primary"
               BlueprintIdentifier = "4F97E67D1E2E804FF9285FF9"
               BuildableName = "SnoozeSwitch.app"
               BlueprintName = "SnoozeSwitch"
               ReferencedContainer = "container:SnoozeSwitch.xcodeproj">
            </BuildableReference>
         </BuildActionEntry>
      </BuildActionEntries>
   </BuildAction>
   <LaunchAction
      useCustomWorkingDirectory = "NO"
      buildConfiguration = "Debug">
      <BuildableProductRunnable>
         <BuildableReference
            BuildableIdentifier = "primary"
            BlueprintIdentifier = "4F97E67D1E2E804FF9285FF9"
            BuildableName = "SnoozeSwitch.app"
            BlueprintName = "SnoozeSwitch"
            ReferencedContainer = "container:SnoozeSwitch.xcodeproj">
         </BuildableReference>
      </BuildableProductRunnable>
   </LaunchAction>
</Scheme>
